
Microsoft Visual Studio Solution File, Format Version 12.00
# Visual Studio Version 16
VisualStudioVersion = 16.0.29826.224
MinimumVisualStudioVersion = 10.0.40219.1
Project("{9A19103F-16F7-4668-BE54-9A1E7A4F7556}") = "ClearTypeTest", "ClearTypeTest\ClearTypeTest.csproj", "{68AB22BA-22D0-415B-88F6-F9F73D0F2418}"
EndProject
Project("{FAE04EC0-301F-11D3-BF4B-00C04F79EFBC}") = "ClearTypeFramework", "ClearTypeFramework\ClearTypeFramework.csproj", "{6B88614B-AECE-4582-A1C1-F2E8B952B455}"
EndProject
Global
	GlobalSection(SolutionConfigurationPlatforms) = preSolution
		Debug|Any CPU = Debug|Any CPU
		Release|Any CPU = Release|Any CPU
	EndGlobalSection
	GlobalSection(ProjectConfigurationPlatforms) = postSolution
		{68AB22BA-22D0-415B-88F6-F9F73D0F2418}.Debug|Any CPU.ActiveCfg = Debug|Any CPU
		{68AB22BA-22D0-415B-88F6-F9F73D0F2418}.Debug|Any CPU.Build.0 = Debug|Any CPU
		{68AB22BA-22D0-415B-88F6-F9F73D0F2418}.Release|Any CPU.ActiveCfg = Release|Any CPU
		{68AB22BA-22D0-415B-88F6-F9F73D0F2418}.Release|Any CPU.Build.0 = Release|Any CPU
		{6B88614B-AECE-4582-A1C1-F2E8B952B455}.Debug|Any CPU.ActiveCfg = Debug|Any CPU
		{6B88614B-AECE-4582-A1C1-F2E8B952B455}.Debug|Any CPU.Build.0 = Debug|Any CPU
		{6B88614B-AECE-4582-A1C1-F2E8B952B455}.Release|Any CPU.ActiveCfg = Release|Any CPU
		{6B88614B-AECE-4582-A1C1-F2E8B952B455}.Release|Any CPU.Build.0 = Release|Any CPU
	EndGlobalSection
	GlobalSection(SolutionProperties) = preSolution
		HideSolutionNode = FALSE
	EndGlobalSection
	GlobalSection(ExtensibilityGlobals) = postSolution
		SolutionGuid = {1ECFCC7F-C494-4E05-BAA4-F686D3EB2647}
	EndGlobalSection
EndGlobal
